{
  "name": "@solana-clawd/moltbook-agent",
  "version": "1.0.0",
  "lockfileVersion": 3,
  "requires": true,
  "packages": {
    "": {
      "name": "@solana-clawd/moltbook-agent",
      "version": "1.0.0",
      "dependencies": {
        "moltbook": "^1.1.0"
      }
    },
    "node_modules/moltbook": {
      "version": "1.1.0",
      "resolved": "https://registry.npmjs.org/moltbook/-/moltbook-1.1.0.tgz",
      "integrity": "sha512-VAfrQu2nAmSA6nYniG68bHOeztQ/kBg7+quF4LSeu2ybRqE7t/RPkI8U8o2V91AUTG16NMAikup6W9SlTus5fQ==",
      "license": "MIT"
    }
  }
}
