{
  "name": "@openclawdsolana/clawd-perps",
  "version": "1.1.0",
  "lockfileVersion": 3,
  "requires": true,
  "packages": {
    "": {
      "name": "@openclawdsolana/clawd-perps",
      "version": "1.1.0",
      "hasInstallScript": true,
      "license": "MIT",
      "dependencies": {
        "@ellipsis-labs/rise": "^0.4.9",
        "commander": "^12.0.0",
        "dotenv": "^16.4.0"
      },
      "bin": {
        "clawd-perps": "dist/cli.js"
      },
      "devDependencies": {
        "@types/node": "^20.8.0",
        "tsx": "^4.0.0",
        "typescript": "^5.9.3"
      },
      "engines": {
        "node": ">=20"
      }
    },
    "node_modules/@ellipsis-labs/rise": {
      "version": "0.4.9",
      "resolved": "https://registry.npmjs.org/@ellipsis-labs/rise/-/rise-0.4.9.tgz",
      "integrity": "sha512-VYHjIe8QQnAMILbCThi7dMbG6518PcFbDgNcTCbmg3rHAa/zNIpLkjzChhEVRvS900GrTTvTUqlBSsGFMV6agQ==",
      "license": "MIT",
      "dependencies": {
        "@noble/hashes": "^2.0.1",
        "@scure/base": "^2.0.0",
        "@solana/kit": "^4.0.0",
        "fzstd": "^0.1.1",
        "xstate": "^5.28.0",
        "zod": "^4.3.6",
        "zustand": "^5.0.12"
      },
      "engines": {
        "bun": ">=1.3.9"
      }
    },
    "node_modules/@esbuild/aix-ppc64": {
      "version": "0.28.0",
      "resolved": "https://registry.npmjs.org/@esbuild/aix-ppc64/-/aix-ppc64-0.28.0.tgz",
      "integrity": "sha512-lhRUCeuOyJQURhTxl4WkpFTjIsbDayJHih5kZC1giwE+MhIzAb7mEsQMqMf18rHLsrb5qI1tafG20mLxEWcWlA==",
      "cpu": [
        "ppc64"
      ],
      "dev": true,
      "license": "MIT",
      "optional": true,
      "os": [
        "aix"
      ],
      "engines": {
        "node": ">=18"
      }
    },
    "node_modules/@esbuild/android-arm": {
      "version": "0.28.0",
      "resolved": "https://registry.npmjs.org/@esbuild/android-arm/-/android-arm-0.28.0.tgz",
      "integrity": "sha512-wqh0ByljabXLKHeWXYLqoJ5jKC4XBaw6Hk08OfMrCRd2nP2ZQ5eleDZC41XHyCNgktBGYMbqnrJKq/K/lzPMSQ==",
      "cpu": [
        "arm"
      ],
      "dev": true,
      "license": "MIT",
      "optional": true,
      "os": [
        "android"
      ],
      "engines": {
        "node": ">=18"
      }
    },
    "node_modules/@esbuild/android-arm64": {
      "version": "0.28.0",
      "resolved": "https://registry.npmjs.org/@esbuild/android-arm64/-/android-arm64-0.28.0.tgz",
      "integrity": "sha512-+WzIXQOSaGs33tLEgYPYe/yQHf0WTU0X42Jca3y8NWMbUVhp7rUnw+vAsRC/QiDrdD31IszMrZy+qwPOPjd+rw==",
      "cpu": [
        "arm64"
      ],
      "dev": true,
      "license": "MIT",
      "optional": true,
      "os": [
        "android"
      ],
      "engines": {
        "node": ">=18"
      }
    },
    "node_modules/@esbuild/android-x64": {
      "version": "0.28.0",
      "resolved": "https://registry.npmjs.org/@esbuild/android-x64/-/android-x64-0.28.0.tgz",
      "integrity": "sha512-+VJggoaKhk2VNNqVL7f6S189UzShHC/mR9EE8rDdSkdpN0KflSwWY/gWjDrNxxisg8Fp1ZCD9jLMo4m0OUfeUA==",
      "cpu": [
        "x64"
      ],
      "dev": true,
      "license": "MIT",
      "optional": true,
      "os": [
        "android"
      ],
      "engines": {
        "node": ">=18"
      }
    },
    "node_modules/@esbuild/darwin-arm64": {
      "version": "0.28.0",
      "resolved": "https://registry.npmjs.org/@esbuild/darwin-arm64/-/darwin-arm64-0.28.0.tgz",
      "integrity": "sha512-0T+A9WZm+bZ84nZBtk1ckYsOvyA3x7e2Acj1KdVfV4/2tdG4fzUp91YHx+GArWLtwqp77pBXVCPn2We7Letr0Q==",
      "cpu": [
        "arm64"
      ],
      "dev": true,
      "license": "MIT",
      "optional": true,
      "os": [
        "darwin"
      ],
      "engines": {
        "node": ">=18"
      }
    },
    "node_modules/@esbuild/darwin-x64": {
      "version": "0.28.0",
      "resolved": "https://registry.npmjs.org/@esbuild/darwin-x64/-/darwin-x64-0.28.0.tgz",
      "integrity": "sha512-fyzLm/DLDl/84OCfp2f/XQ4flmORsjU7VKt8HLjvIXChJoFFOIL6pLJPH4Yhd1n1gGFF9mPwtlN5Wf82DZs+LQ==",
      "cpu": [
        "x64"
      ],
      "dev": true,
      "license": "MIT",
      "optional": true,
      "os": [
        "darwin"
      ],
      "engines": {
        "node": ">=18"
      }
    },
    "node_modules/@esbuild/freebsd-arm64": {
      "version": "0.28.0",
      "resolved": "https://registry.npmjs.org/@esbuild/freebsd-arm64/-/freebsd-arm64-0.28.0.tgz",
      "integrity": "sha512-l9GeW5UZBT9k9brBYI+0WDffcRxgHQD8ShN2Ur4xWq/NFzUKm3k5lsH4PdaRgb2w7mI9u61nr2gI2mLI27Nh3Q==",
      "cpu": [
        "arm64"
      ],
      "dev": true,
      "license": "MIT",
      "optional": true,
      "os": [
        "freebsd"
      ],
      "engines": {
        "node": ">=18"
      }
    },
    "node_modules/@esbuild/freebsd-x64": {
      "version": "0.28.0",
      "resolved": "https://registry.npmjs.org/@esbuild/freebsd-x64/-/freebsd-x64-0.28.0.tgz",
      "integrity": "sha512-BXoQai/A0wPO6Es3yFJ7APCiKGc1tdAEOgeTNy3SsB491S3aHn4S4r3e976eUnPdU+NbdtmBuLncYir2tMU9Nw==",
      "cpu": [
        "x64"
      ],
      "dev": true,
      "license": "MIT",
      "optional": true,
      "os": [
        "freebsd"
      ],
      "engines": {
        "node": ">=18"
      }
    },
    "node_modules/@esbuild/linux-arm": {
      "version": "0.28.0",
      "resolved": "https://registry.npmjs.org/@esbuild/linux-arm/-/linux-arm-0.28.0.tgz",
      "integrity": "sha512-CjaaREJagqJp7iTaNQjjidaNbCKYcd4IDkzbwwxtSvjI7NZm79qiHc8HqciMddQ6CKvJT6aBd8lO9kN/ZudLlw==",
      "cpu": [
        "arm"
      ],
      "dev": true,
      "license": "MIT",
      "optional": true,
      "os": [
        "linux"
      ],
      "engines": {
        "node": ">=18"
      }
    },
    "node_modules/@esbuild/linux-arm64": {
      "version": "0.28.0",
      "resolved": "https://registry.npmjs.org/@esbuild/linux-arm64/-/linux-arm64-0.28.0.tgz",
      "integrity": "sha512-RVyzfb3FWsGA55n6WY0MEIEPURL1FcbhFE6BffZEMEekfCzCIMtB5yyDcFnVbTnwk+CLAgTujmV/Lgvih56W+A==",
      "cpu": [
        "arm64"
      ],
      "dev": true,
      "license": "MIT",
      "optional": true,
      "os": [
        "linux"
      ],
      "engines": {
        "node": ">=18"
      }
    },
    "node_modules/@esbuild/linux-ia32": {
      "version": "0.28.0",
      "resolved": "https://registry.npmjs.org/@esbuild/linux-ia32/-/linux-ia32-0.28.0.tgz",
      "integrity": "sha512-KBnSTt1kxl9x70q+ydterVdl+Cn0H18ngRMRCEQfrbqdUuntQQ0LoMZv47uB97NljZFzY6HcfqEZ2SAyIUTQBQ==",
      "cpu": [
        "ia32"
      ],
      "dev": true,
      "license": "MIT",
      "optional": true,
      "os": [
        "linux"
      ],
      "engines": {
        "node": ">=18"
      }
    },
    "node_modules/@esbuild/linux-loong64": {
      "version": "0.28.0",
      "resolved": "https://registry.npmjs.org/@esbuild/linux-loong64/-/linux-loong64-0.28.0.tgz",
      "integrity": "sha512-zpSlUce1mnxzgBADvxKXX5sl8aYQHo2ezvMNI8I0lbblJtp8V4odlm3Yzlj7gPyt3T8ReksE6bK+pT3WD+aJRg==",
      "cpu": [
        "loong64"
      ],
      "dev": true,
      "license": "MIT",
      "optional": true,
      "os": [
        "linux"
      ],
      "engines": {
        "node": ">=18"
      }
    },
    "node_modules/@esbuild/linux-mips64el": {
      "version": "0.28.0",
      "resolved": "https://registry.npmjs.org/@esbuild/linux-mips64el/-/linux-mips64el-0.28.0.tgz",
      "integrity": "sha512-2jIfP6mmjkdmeTlsX/9vmdmhBmKADrWqN7zcdtHIeNSCH1SqIoNI63cYsjQR8J+wGa4Y5izRcSHSm8K3QWmk3w==",
      "cpu": [
        "mips64el"
      ],
      "dev": true,
      "license": "MIT",
      "optional": true,
      "os": [
        "linux"
      ],
      "engines": {
        "node": ">=18"
      }
    },
    "node_modules/@esbuild/linux-ppc64": {
      "version": "0.28.0",
      "resolved": "https://registry.npmjs.org/@esbuild/linux-ppc64/-/linux-ppc64-0.28.0.tgz",
      "integrity": "sha512-bc0FE9wWeC0WBm49IQMPSPILRocGTQt3j5KPCA8os6VprfuJ7KD+5PzESSrJ6GmPIPJK965ZJHTUlSA6GNYEhg==",
      "cpu": [
        "ppc64"
      ],
      "dev": true,
      "license": "MIT",
      "optional": true,
      "os": [
        "linux"
      ],
      "engines": {
        "node": ">=18"
      }
    },
    "node_modules/@esbuild/linux-riscv64": {
      "version": "0.28.0",
      "resolved": "https://registry.npmjs.org/@esbuild/linux-riscv64/-/linux-riscv64-0.28.0.tgz",
      "integrity": "sha512-SQPZOwoTTT/HXFXQJG/vBX8sOFagGqvZyXcgLA3NhIqcBv1BJU1d46c0rGcrij2B56Z2rNiSLaZOYW5cUk7yLQ==",
      "cpu": [
        "riscv64"
      ],
      "dev": true,
      "license": "MIT",
      "optional": true,
      "os": [
        "linux"
      ],
      "engines": {
        "node": ">=18"
      }
    },
    "node_modules/@esbuild/linux-s390x": {
      "version": "0.28.0",
      "resolved": "https://registry.npmjs.org/@esbuild/linux-s390x/-/linux-s390x-0.28.0.tgz",
      "integrity": "sha512-SCfR0HN8CEEjnYnySJTd2cw0k9OHB/YFzt5zgJEwa+wL/T/raGWYMBqwDNAC6dqFKmJYZoQBRfHjgwLHGSrn3Q==",
      "cpu": [
        "s390x"
      ],
      "dev": true,
      "license": "MIT",
      "optional": true,
      "os": [
        "linux"
      ],
      "engines": {
        "node": ">=18"
      }
    },
    "node_modules/@esbuild/linux-x64": {
      "version": "0.28.0",
      "resolved": "https://registry.npmjs.org/@esbuild/linux-x64/-/linux-x64-0.28.0.tgz",
      "integrity": "sha512-us0dSb9iFxIi8srnpl931Nvs65it/Jd2a2K3qs7fz2WfGPHqzfzZTfec7oxZJRNPXPnNYZtanmRc4AL/JwVzHQ==",
      "cpu": [
        "x64"
      ],
      "dev": true,
      "license": "MIT",
      "optional": true,
      "os": [
        "linux"
      ],
      "engines": {
        "node": ">=18"
      }
    },
    "node_modules/@esbuild/netbsd-arm64": {
      "version": "0.28.0",
      "resolved": "https://registry.npmjs.org/@esbuild/netbsd-arm64/-/netbsd-arm64-0.28.0.tgz",
      "integrity": "sha512-CR/RYotgtCKwtftMwJlUU7xCVNg3lMYZ0RzTmAHSfLCXw3NtZtNpswLEj/Kkf6kEL3Gw+BpOekRX0BYCtklhUw==",
      "cpu": [
        "arm64"
      ],
      "dev": true,
      "license": "MIT",
      "optional": true,
      "os": [
        "netbsd"
      ],
      "engines": {
        "node": ">=18"
      }
    },
    "node_modules/@esbuild/netbsd-x64": {
      "version": "0.28.0",
      "resolved": "https://registry.npmjs.org/@esbuild/netbsd-x64/-/netbsd-x64-0.28.0.tgz",
      "integrity": "sha512-nU1yhmYutL+fQ71Kxnhg8uEOdC0pwEW9entHykTgEbna2pw2dkbFSMeqjjyHZoCmt8SBkOSvV+yNmm94aUrrqw==",
      "cpu": [
        "x64"
      ],
      "dev": true,
      "license": "MIT",
      "optional": true,
      "os": [
        "netbsd"
      ],
      "engines": {
        "node": ">=18"
      }
    },
    "node_modules/@esbuild/openbsd-arm64": {
      "version": "0.28.0",
      "resolved": "https://registry.npmjs.org/@esbuild/openbsd-arm64/-/openbsd-arm64-0.28.0.tgz",
      "integrity": "sha512-cXb5vApOsRsxsEl4mcZ1XY3D4DzcoMxR/nnc4IyqYs0rTI8ZKmW6kyyg+11Z8yvgMfAEldKzP7AdP64HnSC/6g==",
      "cpu": [
        "arm64"
      ],
      "dev": true,
      "license": "MIT",
      "optional": true,
      "os": [
        "openbsd"
      ],
      "engines": {
        "node": ">=18"
      }
    },
    "node_modules/@esbuild/openbsd-x64": {
      "version": "0.28.0",
      "resolved": "https://registry.npmjs.org/@esbuild/openbsd-x64/-/openbsd-x64-0.28.0.tgz",
      "integrity": "sha512-8wZM2qqtv9UP3mzy7HiGYNH/zjTA355mpeuA+859TyR+e+Tc08IHYpLJuMsfpDJwoLo1ikIJI8jC3GFjnRClzA==",
      "cpu": [
        "x64"
      ],
      "dev": true,
      "license": "MIT",
      "optional": true,
      "os": [
        "openbsd"
      ],
      "engines": {
        "node": ">=18"
      }
    },
    "node_modules/@esbuild/openharmony-arm64": {
      "version": "0.28.0",
      "resolved": "https://registry.npmjs.org/@esbuild/openharmony-arm64/-/openharmony-arm64-0.28.0.tgz",
      "integrity": "sha512-FLGfyizszcef5C3YtoyQDACyg95+dndv79i2EekILBofh5wpCa1KuBqOWKrEHZg3zrL3t5ouE5jgr94vA+Wb2w==",
      "cpu": [
        "arm64"
      ],
      "dev": true,
      "license": "MIT",
      "optional": true,
      "os": [
        "openharmony"
      ],
      "engines": {
        "node": ">=18"
      }
    },
    "node_modules/@esbuild/sunos-x64": {
      "version": "0.28.0",
      "resolved": "https://registry.npmjs.org/@esbuild/sunos-x64/-/sunos-x64-0.28.0.tgz",
      "integrity": "sha512-1ZgjUoEdHZZl/YlV76TSCz9Hqj9h9YmMGAgAPYd+q4SicWNX3G5GCyx9uhQWSLcbvPW8Ni7lj4gDa1T40akdlw==",
      "cpu": [
        "x64"
      ],
      "dev": true,
      "license": "MIT",
      "optional": true,
      "os": [
        "sunos"
      ],
      "engines": {
        "node": ">=18"
      }
    },
    "node_modules/@esbuild/win32-arm64": {
      "version": "0.28.0",
      "resolved": "https://registry.npmjs.org/@esbuild/win32-arm64/-/win32-arm64-0.28.0.tgz",
      "integrity": "sha512-Q9StnDmQ/enxnpxCCLSg0oo4+34B9TdXpuyPeTedN/6+iXBJ4J+zwfQI28u/Jl40nOYAxGoNi7mFP40RUtkmUA==",
      "cpu": [
        "arm64"
      ],
      "dev": true,
      "license": "MIT",
      "optional": true,
      "os": [
        "win32"
      ],
      "engines": {
        "node": ">=18"
      }
    },
    "node_modules/@esbuild/win32-ia32": {
      "version": "0.28.0",
      "resolved": "https://registry.npmjs.org/@esbuild/win32-ia32/-/win32-ia32-0.28.0.tgz",
      "integrity": "sha512-zF3ag/gfiCe6U2iczcRzSYJKH1DCI+ByzSENHlM2FcDbEeo5Zd2C86Aq0tKUYAJJ1obRP84ymxIAksZUcdztHA==",
      "cpu": [
        "ia32"
      ],
      "dev": true,
      "license": "MIT",
      "optional": true,
      "os": [
        "win32"
      ],
      "engines": {
        "node": ">=18"
      }
    },
    "node_modules/@esbuild/win32-x64": {
      "version": "0.28.0",
      "resolved": "https://registry.npmjs.org/@esbuild/win32-x64/-/win32-x64-0.28.0.tgz",
      "integrity": "sha512-pEl1bO9mfAmIC+tW5btTmrKaujg3zGtUmWNdCw/xs70FBjwAL3o9OEKNHvNmnyylD6ubxUERiEhdsL0xBQ9efw==",
      "cpu": [
        "x64"
      ],
      "dev": true,
      "license": "MIT",
      "optional": true,
      "os": [
        "win32"
      ],
      "engines": {
        "node": ">=18"
      }
    },
    "node_modules/@noble/hashes": {
      "version": "2.2.0",
      "resolved": "https://registry.npmjs.org/@noble/hashes/-/hashes-2.2.0.tgz",
      "integrity": "sha512-IYqDGiTXab6FniAgnSdZwgWbomxpy9FtYvLKs7wCUs2a8RkITG+DFGO1DM9cr+E3/RgADRpFjrKVaJ1z6sjtEg==",
      "license": "MIT",
      "engines": {
        "node": ">= 20.19.0"
      },
      "funding": {
        "url": "https://paulmillr.com/funding/"
      }
    },
    "node_modules/@scure/base": {
      "version": "2.2.0",
      "resolved": "https://registry.npmjs.org/@scure/base/-/base-2.2.0.tgz",
      "integrity": "sha512-b8XEupJibegiXV+tDUseI8oLQc8ei3d/4Jkb2RpbHh3MfE054ov3uIz2dhFkB3FI8iwYkEh0gGCApkrYggkPNg==",
      "license": "MIT",
      "funding": {
        "url": "https://paulmillr.com/funding/"
      }
    },
    "node_modules/@solana/accounts": {
      "version": "4.0.0",
      "resolved": "https://registry.npmjs.org/@solana/accounts/-/accounts-4.0.0.tgz",
      "integrity": "sha512-fxTtTk7PCJrigdzqhkc0eZYACVZpONKJZy4MkGvZzx5tCC7rUeDJvzau3IYACUCRaaAGPpkINHwYtp8weKsn8w==",
      "license": "MIT",
      "dependencies": {
        "@solana/addresses": "4.0.0",
        "@solana/codecs-core": "4.0.0",
        "@solana/codecs-strings": "4.0.0",
        "@solana/errors": "4.0.0",
        "@solana/rpc-spec": "4.0.0",
        "@solana/rpc-types": "4.0.0"
      },
      "engines": {
        "node": ">=20.18.0"
      },
      "peerDependencies": {
        "typescript": ">=5.3.3"
      }
    },
    "node_modules/@solana/addresses": {
      "version": "4.0.0",
      "resolved": "https://registry.npmjs.org/@solana/addresses/-/addresses-4.0.0.tgz",
      "integrity": "sha512-1OS4nU0HFZxHRxgUb6A72Qg0QbIz6Vu2AbB0j/YSxN4EI+S2BftA83Y6uXhTFDQjKuA+MtHjxe6edB3cs1Pqxw==",
      "license": "MIT",
      "dependencies": {
        "@solana/assertions": "4.0.0",
        "@solana/codecs-core": "4.0.0",
        "@solana/codecs-strings": "4.0.0",
        "@solana/errors": "4.0.0",
        "@solana/nominal-types": "4.0.0"
      },
      "engines": {
        "node": ">=20.18.0"
      },
      "peerDependencies": {
        "typescript": ">=5.3.3"
      }
    },
    "node_modules/@solana/assertions": {
      "version": "4.0.0",
      "resolved": "https://registry.npmjs.org/@solana/assertions/-/assertions-4.0.0.tgz",
      "integrity": "sha512-QwtImPVM5JLEWOFpvHh+eKdvmxdNP6PW8FkmFFEVYR6VFDaZD/hbmSJlwt5p3L69sVmxJA0ughYgD/kkHM7fbg==",
      "license": "MIT",
      "dependencies": {
        "@solana/errors": "4.0.0"
      },
      "engines": {
        "node": ">=20.18.0"
      },
      "peerDependencies": {
        "typescript": ">=5.3.3"
      }
    },
    "node_modules/@solana/codecs": {
      "version": "4.0.0",
      "resolved": "https://registry.npmjs.org/@solana/codecs/-/codecs-4.0.0.tgz",
      "integrity": "sha512-qh+Le1u9QBDPubqUrFU5BGX3Kyj7x0viO6z2SUuM0CSqYUvwE7w724LXwDA9QoEL5JkED1rB3bQg4M0bDrABpA==",
      "license": "MIT",
      "dependencies": {
        "@solana/codecs-core": "4.0.0",
        "@solana/codecs-data-structures": "4.0.0",
        "@solana/codecs-numbers": "4.0.0",
        "@solana/codecs-strings": "4.0.0",
        "@solana/options": "4.0.0"
      },
      "engines": {
        "node": ">=20.18.0"
      },
      "peerDependencies": {
        "typescript": ">=5.3.3"
      }
    },
    "node_modules/@solana/codecs-core": {
      "version": "4.0.0",
      "resolved": "https://registry.npmjs.org/@solana/codecs-core/-/codecs-core-4.0.0.tgz",
      "integrity": "sha512-28kNUsyIlhU3MO3/7ZLDqeJf2YAm32B4tnTjl5A9HrbBqsTZ+upT/RzxZGP1MMm7jnPuIKCMwmTpsyqyR6IUpw==",
      "license": "MIT",
      "dependencies": {
        "@solana/errors": "4.0.0"
      },
      "engines": {
        "node": ">=20.18.0"
      },
      "peerDependencies": {
        "typescript": ">=5.3.3"
      }
    },
    "node_modules/@solana/codecs-data-structures": {
      "version": "4.0.0",
      "resolved": "https://registry.npmjs.org/@solana/codecs-data-structures/-/codecs-data-structures-4.0.0.tgz",
      "integrity": "sha512-pvh+Oxz6UIbWxcgwvVwMJIV4nvZn3EHL5ZvCIPClE5Ep8K5sJ8RoRvOohqLcIv9LYn/EZNoXpCodREX/OYpsGw==",
      "license": "MIT",
      "dependencies": {
        "@solana/codecs-core": "4.0.0",
        "@solana/codecs-numbers": "4.0.0",
        "@solana/errors": "4.0.0"
      },
      "engines": {
        "node": ">=20.18.0"
      },
      "peerDependencies": {
        "typescript": ">=5.3.3"
      }
    },
    "node_modules/@solana/codecs-numbers": {
      "version": "4.0.0",
      "resolved": "https://registry.npmjs.org/@solana/codecs-numbers/-/codecs-numbers-4.0.0.tgz",
      "integrity": "sha512-z9zpjtcwzqT9rbkKVZpkWB5/0V7+6YRKs6BccHkGJlaDx8Pe/+XOvPi2rEdXPqrPd9QWb5Xp1iBfcgaDMyiOiA==",
      "license": "MIT",
      "dependencies": {
        "@solana/codecs-core": "4.0.0",
        "@solana/errors": "4.0.0"
      },
      "engines": {
        "node": ">=20.18.0"
      },
      "peerDependencies": {
        "typescript": ">=5.3.3"
      }
    },
    "node_modules/@solana/codecs-strings": {
      "version": "4.0.0",
      "resolved": "https://registry.npmjs.org/@solana/codecs-strings/-/codecs-strings-4.0.0.tgz",
      "integrity": "sha512-XvyD+sQ1zyA0amfxbpoFZsucLoe+yASQtDiLUGMDg5TZ82IHE3B7n82jE8d8cTAqi0HgqQiwU13snPhvg1O0Ow==",
      "license": "MIT",
      "dependencies": {
        "@solana/codecs-core": "4.0.0",
        "@solana/codecs-numbers": "4.0.0",
        "@solana/errors": "4.0.0"
      },
      "engines": {
        "node": ">=20.18.0"
      },
      "peerDependencies": {
        "fastestsmallesttextencoderdecoder": "^1.0.22",
        "typescript": ">=5.3.3"
      }
    },
    "node_modules/@solana/errors": {
      "version": "4.0.0",
      "resolved": "https://registry.npmjs.org/@solana/errors/-/errors-4.0.0.tgz",
      "integrity": "sha512-3YEtvcMvtcnTl4HahqLt0VnaGVf7vVWOnt6/uPky5e0qV6BlxDSbGkbBzttNjxLXHognV0AQi3pjvrtfUnZmbg==",
      "license": "MIT",
      "dependencies": {
        "chalk": "5.6.2",
        "commander": "14.0.1"
      },
      "bin": {
        "errors": "bin/cli.mjs"
      },
      "engines": {
        "node": ">=20.18.0"
      },
      "peerDependencies": {
        "typescript": ">=5.3.3"
      }
    },
    "node_modules/@solana/errors/node_modules/commander": {
      "version": "14.0.1",
      "resolved": "https://registry.npmjs.org/commander/-/commander-14.0.1.tgz",
      "integrity": "sha512-2JkV3gUZUVrbNA+1sjBOYLsMZ5cEEl8GTFP2a4AVz5hvasAMCQ1D2l2le/cX+pV4N6ZU17zjUahLpIXRrnWL8A==",
      "license": "MIT",
      "engines": {
        "node": ">=20"
      }
    },
    "node_modules/@solana/fast-stable-stringify": {
      "version": "4.0.0",
      "resolved": "https://registry.npmjs.org/@solana/fast-stable-stringify/-/fast-stable-stringify-4.0.0.tgz",
      "integrity": "sha512-sNJRi0RQ93vkGQ9VyFTSGm6mfKLk0FWOFpJLcqyP0BNUK1CugBaUMnxAmGqNaVSCktJagTSLqAMi9k1VSdh+Cg==",
      "license": "MIT",
      "engines": {
        "node": ">=20.18.0"
      },
      "peerDependencies": {
        "typescript": ">=5.3.3"
      }
    },
    "node_modules/@solana/functional": {
      "version": "4.0.0",
      "resolved": "https://registry.npmjs.org/@solana/functional/-/functional-4.0.0.tgz",
      "integrity": "sha512-duprxASuT0VXlHj3bLBdy9+ZpqdmCZhzCUmTsXps4UlDKr9PxSCQIQ+NK6OPhtBWOh1sNEcT1f1nY/MVqF/KHg==",
      "license": "MIT",
      "engines": {
        "node": ">=20.18.0"
      },
      "peerDependencies": {
        "typescript": ">=5.3.3"
      }
    },
    "node_modules/@solana/instruction-plans": {
      "version": "4.0.0",
      "resolved": "https://registry.npmjs.org/@solana/instruction-plans/-/instruction-plans-4.0.0.tgz",
      "integrity": "sha512-FcyptPR5XmKoj1EyF9xARiqy2BuF+CfrIxTU0WQn5Tix/y7whKYz5CCFtBlWbwIcGxQftmG5tAlcidgnCb7jVw==",
      "license": "MIT",
      "dependencies": {
        "@solana/errors": "4.0.0",
        "@solana/instructions": "4.0.0",
        "@solana/promises": "4.0.0",
        "@solana/transaction-messages": "4.0.0",
        "@solana/transactions": "4.0.0"
      },
      "engines": {
        "node": ">=20.18.0"
      },
      "peerDependencies": {
        "typescript": ">=5.3.3"
      }
    },
    "node_modules/@solana/instructions": {
      "version": "4.0.0",
      "resolved": "https://registry.npmjs.org/@solana/instructions/-/instructions-4.0.0.tgz",
      "integrity": "sha512-/Lf3E+6mhe6EL7a3+9FY020yq71lVNgueplJGr221b4wP6ykwPVtoaAiNf+lIrRRYkW8DC81auhmjd2DYpND1w==",
      "license": "MIT",
      "dependencies": {
        "@solana/codecs-core": "4.0.0",
        "@solana/errors": "4.0.0"
      },
      "engines": {
        "node": ">=20.18.0"
      },
      "peerDependencies": {
        "typescript": ">=5.3.3"
      }
    },
    "node_modules/@solana/keys": {
      "version": "4.0.0",
      "resolved": "https://registry.npmjs.org/@solana/keys/-/keys-4.0.0.tgz",
      "integrity": "sha512-aPz+LF9QK3EHjuklYBnnalcLVHUNz5s4m4DXNVGAtjJD7Q9zEu2dBUm9mRKwlLbQibNOEGa1m86HCjcboqXdjg==",
      "license": "MIT",
      "dependencies": {
        "@solana/assertions": "4.0.0",
        "@solana/codecs-core": "4.0.0",
        "@solana/codecs-strings": "4.0.0",
        "@solana/errors": "4.0.0",
        "@solana/nominal-types": "4.0.0"
      },
      "engines": {
        "node": ">=20.18.0"
      },
      "peerDependencies": {
        "typescript": ">=5.3.3"
      }
    },
    "node_modules/@solana/kit": {
      "version": "4.0.0",
      "resolved": "https://registry.npmjs.org/@solana/kit/-/kit-4.0.0.tgz",
      "integrity": "sha512-5c4qMRL+ciWewEtNZ2gX4wf4VpscZYXbWnU2kBiyQhWiqj8zzFIh6iCHbqMX/Myx3pOHfQs/m/iQCnQHPOag9Q==",
      "license": "MIT",
      "dependencies": {
        "@solana/accounts": "4.0.0",
        "@solana/addresses": "4.0.0",
        "@solana/codecs": "4.0.0",
        "@solana/errors": "4.0.0",
        "@solana/functional": "4.0.0",
        "@solana/instruction-plans": "4.0.0",
        "@solana/instructions": "4.0.0",
        "@solana/keys": "4.0.0",
        "@solana/programs": "4.0.0",
        "@solana/rpc": "4.0.0",
        "@solana/rpc-parsed-types": "4.0.0",
        "@solana/rpc-spec-types": "4.0.0",
        "@solana/rpc-subscriptions": "4.0.0",
        "@solana/rpc-types": "4.0.0",
        "@solana/signers": "4.0.0",
        "@solana/sysvars": "4.0.0",
        "@solana/transaction-confirmation": "4.0.0",
        "@solana/transaction-messages": "4.0.0",
        "@solana/transactions": "4.0.0"
      },
      "engines": {
        "node": ">=20.18.0"
      },
      "peerDependencies": {
        "typescript": ">=5.3.3"
      }
    },
    "node_modules/@solana/nominal-types": {
      "version": "4.0.0",
      "resolved": "https://registry.npmjs.org/@solana/nominal-types/-/nominal-types-4.0.0.tgz",
      "integrity": "sha512-zIjHZY+5uboigbzsNhHmF3AlP/xACYxbB0Cb1VAI9i+eFShMeu/3VIrj7x1vbq9hfQKGSFHNFGFqQTivdzpbLw==",
      "license": "MIT",
      "engines": {
        "node": ">=20.18.0"
      },
      "peerDependencies": {
        "typescript": ">=5.3.3"
      }
    },
    "node_modules/@solana/options": {
      "version": "4.0.0",
      "resolved": "https://registry.npmjs.org/@solana/options/-/options-4.0.0.tgz",
      "integrity": "sha512-QTjBh24a34At66mGfs0lVF1voug1KnA13IZkvcVPr52zFb90+xYiqYeKiICTaf3HkoeoKG+TC2Q0K64+se0+CQ==",
      "license": "MIT",
      "dependencies": {
        "@solana/codecs-core": "4.0.0",
        "@solana/codecs-data-structures": "4.0.0",
        "@solana/codecs-numbers": "4.0.0",
        "@solana/codecs-strings": "4.0.0",
        "@solana/errors": "4.0.0"
      },
      "engines": {
        "node": ">=20.18.0"
      },
      "peerDependencies": {
        "typescript": ">=5.3.3"
      }
    },
    "node_modules/@solana/programs": {
      "version": "4.0.0",
      "resolved": "https://registry.npmjs.org/@solana/programs/-/programs-4.0.0.tgz",
      "integrity": "sha512-tJCNoKyDKfipGTsQtUO6R9EXk4l4ai+gYuD2R3NubJgMaLPBqIv3IMSCeDSvhuSCDuN2lQ1mLkQrDnE3lm0/iQ==",
      "license": "MIT",
      "dependencies": {
        "@solana/addresses": "4.0.0",
        "@solana/errors": "4.0.0"
      },
      "engines": {
        "node": ">=20.18.0"
      },
      "peerDependencies": {
        "typescript": ">=5.3.3"
      }
    },
    "node_modules/@solana/promises": {
      "version": "4.0.0",
      "resolved": "https://registry.npmjs.org/@solana/promises/-/promises-4.0.0.tgz",
      "integrity": "sha512-zEh815+n2OrrQunZ6m1iuNcoZRc9YnQaTeivBSgl1SYfPaq/Qj/rRiK5DID25Njo4L44p5quu7aal3Bk/eR+tQ==",
      "license": "MIT",
      "engines": {
        "node": ">=20.18.0"
      },
      "peerDependencies": {
        "typescript": ">=5.3.3"
      }
    },
    "node_modules/@solana/rpc": {
      "version": "4.0.0",
      "resolved": "https://registry.npmjs.org/@solana/rpc/-/rpc-4.0.0.tgz",
      "integrity": "sha512-KF91ghi7P48aeWd4eSY5Fly/ioYz9ww2loQd/YqV3eLQwo3/2HUWd6r6lpSHsLh/HUoUkm+EsYmVN8r/3mE5fg==",
      "license": "MIT",
      "dependencies": {
        "@solana/errors": "4.0.0",
        "@solana/fast-stable-stringify": "4.0.0",
        "@solana/functional": "4.0.0",
        "@solana/rpc-api": "4.0.0",
        "@solana/rpc-spec": "4.0.0",
        "@solana/rpc-spec-types": "4.0.0",
        "@solana/rpc-transformers": "4.0.0",
        "@solana/rpc-transport-http": "4.0.0",
        "@solana/rpc-types": "4.0.0"
      },
      "engines": {
        "node": ">=20.18.0"
      },
      "peerDependencies": {
        "typescript": ">=5.3.3"
      }
    },
    "node_modules/@solana/rpc-api": {
      "version": "4.0.0",
      "resolved": "https://registry.npmjs.org/@solana/rpc-api/-/rpc-api-4.0.0.tgz",
      "integrity": "sha512-nfQkTJCIW3qzUDRrhvr9MBm9jKQ+dZn4ypK35UDPrV+QB5Gc9UmPJ6prvpPtDq8WoU7wqUzswKeY3k7qtgYjEg==",
      "license": "MIT",
      "dependencies": {
        "@solana/addresses": "4.0.0",
        "@solana/codecs-core": "4.0.0",
        "@solana/codecs-strings": "4.0.0",
        "@solana/errors": "4.0.0",
        "@solana/keys": "4.0.0",
        "@solana/rpc-parsed-types": "4.0.0",
        "@solana/rpc-spec": "4.0.0",
        "@solana/rpc-transformers": "4.0.0",
        "@solana/rpc-types": "4.0.0",
        "@solana/transaction-messages": "4.0.0",
        "@solana/transactions": "4.0.0"
      },
      "engines": {
        "node": ">=20.18.0"
      },
      "peerDependencies": {
        "typescript": ">=5.3.3"
      }
    },
    "node_modules/@solana/rpc-parsed-types": {
      "version": "4.0.0",
      "resolved": "https://registry.npmjs.org/@solana/rpc-parsed-types/-/rpc-parsed-types-4.0.0.tgz",
      "integrity": "sha512-aOjwJwen5D0aDXoSths+ekdBO4mu7nmM+yASqCVW2PLN6v7NZmRBzV1/PgMFjDTiymVQj25ipCUvL395s1wsKg==",
      "license": "MIT",
      "engines": {
        "node": ">=20.18.0"
      },
      "peerDependencies": {
        "typescript": ">=5.3.3"
      }
    },
    "node_modules/@solana/rpc-spec": {
      "version": "4.0.0",
      "resolved": "https://registry.npmjs.org/@solana/rpc-spec/-/rpc-spec-4.0.0.tgz",
      "integrity": "sha512-9PFTFWjdgA/KFG4rgzbgA7gm9+aRDwsRJgI1aP7n3dGsGzYUp8vNgRQBhogWscEOETkgZNlsi/artLxgvHEHEg==",
      "license": "MIT",
      "dependencies": {
        "@solana/errors": "4.0.0",
        "@solana/rpc-spec-types": "4.0.0"
      },
      "engines": {
        "node": ">=20.18.0"
      },
      "peerDependencies": {
        "typescript": ">=5.3.3"
      }
    },
    "node_modules/@solana/rpc-spec-types": {
      "version": "4.0.0",
      "resolved": "https://registry.npmjs.org/@solana/rpc-spec-types/-/rpc-spec-types-4.0.0.tgz",
      "integrity": "sha512-rpFMIaetpubeyDXIlxV08vtmiDt7ME9527kCI61slHj6O2rbj+7fABhmlN6J4YDCcL/kfnMCxZyNna94DovHZA==",
      "license": "MIT",
      "engines": {
        "node": ">=20.18.0"
      },
      "peerDependencies": {
        "typescript": ">=5.3.3"
      }
    },
    "node_modules/@solana/rpc-subscriptions": {
      "version": "4.0.0",
      "resolved": "https://registry.npmjs.org/@solana/rpc-subscriptions/-/rpc-subscriptions-4.0.0.tgz",
      "integrity": "sha512-rM+R4Xpsym0tYF3sGAEpdY+D+c6fOMk/fhCEewR+veqdubRfvI5QEhq4kHs8qdKKuRbcpGmedPC306H+PQ6Hmg==",
      "license": "MIT",
      "dependencies": {
        "@solana/errors": "4.0.0",
        "@solana/fast-stable-stringify": "4.0.0",
        "@solana/functional": "4.0.0",
        "@solana/promises": "4.0.0",
        "@solana/rpc-spec-types": "4.0.0",
        "@solana/rpc-subscriptions-api": "4.0.0",
        "@solana/rpc-subscriptions-channel-websocket": "4.0.0",
        "@solana/rpc-subscriptions-spec": "4.0.0",
        "@solana/rpc-transformers": "4.0.0",
        "@solana/rpc-types": "4.0.0",
        "@solana/subscribable": "4.0.0"
      },
      "engines": {
        "node": ">=20.18.0"
      },
      "peerDependencies": {
        "typescript": ">=5.3.3"
      }
    },
    "node_modules/@solana/rpc-subscriptions-api": {
      "version": "4.0.0",
      "resolved": "https://registry.npmjs.org/@solana/rpc-subscriptions-api/-/rpc-subscriptions-api-4.0.0.tgz",
      "integrity": "sha512-6/MzQT9VkcD7Rh8ExoGdbERTSEubA5eI+Q0R9FRuujl/SIy2BsWaNxaBMuZS0DFmKbIHM+m1ptUFdjKAVjGQuw==",
      "license": "MIT",
      "dependencies": {
        "@solana/addresses": "4.0.0",
        "@solana/keys": "4.0.0",
        "@solana/rpc-subscriptions-spec": "4.0.0",
        "@solana/rpc-transformers": "4.0.0",
        "@solana/rpc-types": "4.0.0",
        "@solana/transaction-messages": "4.0.0",
        "@solana/transactions": "4.0.0"
      },
      "engines": {
        "node": ">=20.18.0"
      },
      "peerDependencies": {
        "typescript": ">=5.3.3"
      }
    },
    "node_modules/@solana/rpc-subscriptions-channel-websocket": {
      "version": "4.0.0",
      "resolved": "https://registry.npmjs.org/@solana/rpc-subscriptions-channel-websocket/-/rpc-subscriptions-channel-websocket-4.0.0.tgz",
      "integrity": "sha512-dc4cGfkQJEdkux/CXpItffuytnSU6wktReHEBL+2xaYmF+yGMBeBLzTvkCJ9BbGGfBMf06c5y5QH8X48W5CJdg==",
      "license": "MIT",
      "dependencies": {
        "@solana/errors": "4.0.0",
        "@solana/functional": "4.0.0",
        "@solana/rpc-subscriptions-spec": "4.0.0",
        "@solana/subscribable": "4.0.0"
      },
      "engines": {
        "node": ">=20.18.0"
      },
      "peerDependencies": {
        "typescript": ">=5.3.3",
        "ws": "^8.18.0"
      }
    },
    "node_modules/@solana/rpc-subscriptions-spec": {
      "version": "4.0.0",
      "resolved": "https://registry.npmjs.org/@solana/rpc-subscriptions-spec/-/rpc-subscriptions-spec-4.0.0.tgz",
      "integrity": "sha512-2ROfFymoy/TjDAlEPpsmSQAr6LZwG4l/UIhkW7+/VraRu7QPAycuWfSopJnG8D7F3fksICFSeQNwwgBXTN1TWA==",
      "license": "MIT",
      "dependencies": {
        "@solana/errors": "4.0.0",
        "@solana/promises": "4.0.0",
        "@solana/rpc-spec-types": "4.0.0",
        "@solana/subscribable": "4.0.0"
      },
      "engines": {
        "node": ">=20.18.0"
      },
      "peerDependencies": {
        "typescript": ">=5.3.3"
      }
    },
    "node_modules/@solana/rpc-transformers": {
      "version": "4.0.0",
      "resolved": "https://registry.npmjs.org/@solana/rpc-transformers/-/rpc-transformers-4.0.0.tgz",
      "integrity": "sha512-3B3C9zpqN2O76CJV9tethtybMFdT2ViN5b2u8sObftGNFqxPmjt7XmbOmPdn7zwLyRM5S2RuZShzfcVJpBf+yQ==",
      "license": "MIT",
      "dependencies": {
        "@solana/errors": "4.0.0",
        "@solana/functional": "4.0.0",
        "@solana/nominal-types": "4.0.0",
        "@solana/rpc-spec-types": "4.0.0",
        "@solana/rpc-types": "4.0.0"
      },
      "engines": {
        "node": ">=20.18.0"
      },
      "peerDependencies": {
        "typescript": ">=5.3.3"
      }
    },
    "node_modules/@solana/rpc-transport-http": {
      "version": "4.0.0",
      "resolved": "https://registry.npmjs.org/@solana/rpc-transport-http/-/rpc-transport-http-4.0.0.tgz",
      "integrity": "sha512-RjXcQehF3wHm8eoIala+MrdmS3mDSPRl+xwEWzmA1QmBdQl44/XTNOdPJvNkqWXrzE+bAsZGfn0gVua/oCC+zQ==",
      "license": "MIT",
      "dependencies": {
        "@solana/errors": "4.0.0",
        "@solana/rpc-spec": "4.0.0",
        "@solana/rpc-spec-types": "4.0.0",
        "undici-types": "^7.16.0"
      },
      "engines": {
        "node": ">=20.18.0"
      },
      "peerDependencies": {
        "typescript": ">=5.3.3"
      }
    },
    "node_modules/@solana/rpc-transport-http/node_modules/undici-types": {
      "version": "7.25.0",
      "resolved": "https://registry.npmjs.org/undici-types/-/undici-types-7.25.0.tgz",
      "integrity": "sha512-AXNgS1Byr27fTI+2bsPEkV9CxkT8H6xNyRI68b3TatlZo3RkzlqQBLL+w7SmGPVpokjHbcuNVQUWE7FRTg+LRA==",
      "license": "MIT"
    },
    "node_modules/@solana/rpc-types": {
      "version": "4.0.0",
      "resolved": "https://registry.npmjs.org/@solana/rpc-types/-/rpc-types-4.0.0.tgz",
      "integrity": "sha512-mY4W6DQVaLf3M8hSSzIEtaRsVgLg9zv5qdjjYvxkALw0fzjkLW55h3ctGbJ/k+dNpYm9gcKg7zatA7eBNnNmtQ==",
      "license": "MIT",
      "dependencies": {
        "@solana/addresses": "4.0.0",
        "@solana/codecs-core": "4.0.0",
        "@solana/codecs-numbers": "4.0.0",
        "@solana/codecs-strings": "4.0.0",
        "@solana/errors": "4.0.0",
        "@solana/nominal-types": "4.0.0"
      },
      "engines": {
        "node": ">=20.18.0"
      },
      "peerDependencies": {
        "typescript": ">=5.3.3"
      }
    },
    "node_modules/@solana/signers": {
      "version": "4.0.0",
      "resolved": "https://registry.npmjs.org/@solana/signers/-/signers-4.0.0.tgz",
      "integrity": "sha512-r3ZrltruadsQXmx3fsGOSqAZ3SsgD7zq/QB8sT6IOVcg11Pgdvx48/CEv7djdy44wF4HVpqNCZLfi12EhoaSXQ==",
      "license": "MIT",
      "dependencies": {
        "@solana/addresses": "4.0.0",
        "@solana/codecs-core": "4.0.0",
        "@solana/errors": "4.0.0",
        "@solana/instructions": "4.0.0",
        "@solana/keys": "4.0.0",
        "@solana/nominal-types": "4.0.0",
        "@solana/transaction-messages": "4.0.0",
        "@solana/transactions": "4.0.0"
      },
      "engines": {
        "node": ">=20.18.0"
      },
      "peerDependencies": {
        "typescript": ">=5.3.3"
      }
    },
    "node_modules/@solana/subscribable": {
      "version": "4.0.0",
      "resolved": "https://registry.npmjs.org/@solana/subscribable/-/subscribable-4.0.0.tgz",
      "integrity": "sha512-lDI4HkDuGkmdnX7hSgvJsFFadkQxt0pLHIpZTxOt7/6KBDtNs63NTwJGd3d/EuA7ReXwYg5HDG0QtOm64divXQ==",
      "license": "MIT",
      "dependencies": {
        "@solana/errors": "4.0.0"
      },
      "engines": {
        "node": ">=20.18.0"
      },
      "peerDependencies": {
        "typescript": ">=5.3.3"
      }
    },
    "node_modules/@solana/sysvars": {
      "version": "4.0.0",
      "resolved": "https://registry.npmjs.org/@solana/sysvars/-/sysvars-4.0.0.tgz",
      "integrity": "sha512-HUu2B8P7iRYWAt1KL/5a6nNTKp73y04cSxZ9PZf2Ap1/KE0/5D8WnkEfnurUQmU3zBner95d+szNOyWMNBOoTw==",
      "license": "MIT",
      "dependencies": {
        "@solana/accounts": "4.0.0",
        "@solana/codecs": "4.0.0",
        "@solana/errors": "4.0.0",
        "@solana/rpc-types": "4.0.0"
      },
      "engines": {
        "node": ">=20.18.0"
      },
      "peerDependencies": {
        "typescript": ">=5.3.3"
      }
    },
    "node_modules/@solana/transaction-confirmation": {
      "version": "4.0.0",
      "resolved": "https://registry.npmjs.org/@solana/transaction-confirmation/-/transaction-confirmation-4.0.0.tgz",
      "integrity": "sha512-DTBIMB5/UCOpVyL5E0xwswtxs/PGeSD1VL5+C1UCPlggpZNIOlhZoaQqFO56wrJDFASzPMx+dakda5BUuhQkBg==",
      "license": "MIT",
      "dependencies": {
        "@solana/addresses": "4.0.0",
        "@solana/codecs-strings": "4.0.0",
        "@solana/errors": "4.0.0",
        "@solana/keys": "4.0.0",
        "@solana/promises": "4.0.0",
        "@solana/rpc": "4.0.0",
        "@solana/rpc-subscriptions": "4.0.0",
        "@solana/rpc-types": "4.0.0",
        "@solana/transaction-messages": "4.0.0",
        "@solana/transactions": "4.0.0"
      },
      "engines": {
        "node": ">=20.18.0"
      },
      "peerDependencies": {
        "typescript": ">=5.3.3"
      }
    },
    "node_modules/@solana/transaction-messages": {
      "version": "4.0.0",
      "resolved": "https://registry.npmjs.org/@solana/transaction-messages/-/transaction-messages-4.0.0.tgz",
      "integrity": "sha512-rQo0rRyvkrROFZHUT0uL3vqeBBtxTsNKDtx8pZo6BC3TgGA7V1MoSC3rVOLwYCK6rK5NJZiYNjmneHz/7hVpwQ==",
      "license": "MIT",
      "dependencies": {
        "@solana/addresses": "4.0.0",
        "@solana/codecs-core": "4.0.0",
        "@solana/codecs-data-structures": "4.0.0",
        "@solana/codecs-numbers": "4.0.0",
        "@solana/errors": "4.0.0",
        "@solana/functional": "4.0.0",
        "@solana/instructions": "4.0.0",
        "@solana/nominal-types": "4.0.0",
        "@solana/rpc-types": "4.0.0"
      },
      "engines": {
        "node": ">=20.18.0"
      },
      "peerDependencies": {
        "typescript": ">=5.3.3"
      }
    },
    "node_modules/@solana/transactions": {
      "version": "4.0.0",
      "resolved": "https://registry.npmjs.org/@solana/transactions/-/transactions-4.0.0.tgz",
      "integrity": "sha512-bmHIIVTQq+Wlqg4es91Ew4KSbOrvdfPsKg/pVha8ZR77huwvfqQMxRyYF4zMQ+Fm3QXGFKOU0RPVKKYic15jBw==",
      "license": "MIT",
      "dependencies": {
        "@solana/addresses": "4.0.0",
        "@solana/codecs-core": "4.0.0",
        "@solana/codecs-data-structures": "4.0.0",
        "@solana/codecs-numbers": "4.0.0",
        "@solana/codecs-strings": "4.0.0",
        "@solana/errors": "4.0.0",
        "@solana/functional": "4.0.0",
        "@solana/instructions": "4.0.0",
        "@solana/keys": "4.0.0",
        "@solana/nominal-types": "4.0.0",
        "@solana/rpc-types": "4.0.0",
        "@solana/transaction-messages": "4.0.0"
      },
      "engines": {
        "node": ">=20.18.0"
      },
      "peerDependencies": {
        "typescript": ">=5.3.3"
      }
    },
    "node_modules/@types/node": {
      "version": "20.19.41",
      "resolved": "https://registry.npmjs.org/@types/node/-/node-20.19.41.tgz",
      "integrity": "sha512-ECymXOukMnOoVkC2bb1Vc/w/836DXncOg5m8Xj1RH7xSHZJWNYY6Zh7EH477vcnD5egKNNfy2RpNOmuChhFPgQ==",
      "dev": true,
      "license": "MIT",
      "dependencies": {
        "undici-types": "~6.21.0"
      }
    },
    "node_modules/chalk": {
      "version": "5.6.2",
      "resolved": "https://registry.npmjs.org/chalk/-/chalk-5.6.2.tgz",
      "integrity": "sha512-7NzBL0rN6fMUW+f7A6Io4h40qQlG+xGmtMxfbnH/K7TAtt8JQWVQK+6g0UXKMeVJoyV5EkkNsErQ8pVD3bLHbA==",
      "license": "MIT",
      "engines": {
        "node": "^12.17.0 || ^14.13 || >=16.0.0"
      },
      "funding": {
        "url": "https://github.com/chalk/chalk?sponsor=1"
      }
    },
    "node_modules/commander": {
      "version": "12.1.0",
      "resolved": "https://registry.npmjs.org/commander/-/commander-12.1.0.tgz",
      "integrity": "sha512-Vw8qHK3bZM9y/P10u3Vib8o/DdkvA2OtPtZvD871QKjy74Wj1WSKFILMPRPSdUSx5RFK1arlJzEtA4PkFgnbuA==",
      "license": "MIT",
      "engines": {
        "node": ">=18"
      }
    },
    "node_modules/dotenv": {
      "version": "16.6.1",
      "resolved": "https://registry.npmjs.org/dotenv/-/dotenv-16.6.1.tgz",
      "integrity": "sha512-uBq4egWHTcTt33a72vpSG0z3HnPuIl6NqYcTrKEg2azoEyl2hpW0zqlxysq2pK9HlDIHyHyakeYaYnSAwd8bow==",
      "license": "BSD-2-Clause",
      "engines": {
        "node": ">=12"
      },
      "funding": {
        "url": "https://dotenvx.com"
      }
    },
    "node_modules/esbuild": {
      "version": "0.28.0",
      "resolved": "https://registry.npmjs.org/esbuild/-/esbuild-0.28.0.tgz",
      "integrity": "sha512-sNR9MHpXSUV/XB4zmsFKN+QgVG82Cc7+/aaxJ8Adi8hyOac+EXptIp45QBPaVyX3N70664wRbTcLTOemCAnyqw==",
      "dev": true,
      "hasInstallScript": true,
      "license": "MIT",
      "bin": {
        "esbuild": "bin/esbuild"
      },
      "engines": {
        "node": ">=18"
      },
      "optionalDependencies": {
        "@esbuild/aix-ppc64": "0.28.0",
        "@esbuild/android-arm": "0.28.0",
        "@esbuild/android-arm64": "0.28.0",
        "@esbuild/android-x64": "0.28.0",
        "@esbuild/darwin-arm64": "0.28.0",
        "@esbuild/darwin-x64": "0.28.0",
        "@esbuild/freebsd-arm64": "0.28.0",
        "@esbuild/freebsd-x64": "0.28.0",
        "@esbuild/linux-arm": "0.28.0",
        "@esbuild/linux-arm64": "0.28.0",
        "@esbuild/linux-ia32": "0.28.0",
        "@esbuild/linux-loong64": "0.28.0",
        "@esbuild/linux-mips64el": "0.28.0",
        "@esbuild/linux-ppc64": "0.28.0",
        "@esbuild/linux-riscv64": "0.28.0",
        "@esbuild/linux-s390x": "0.28.0",
        "@esbuild/linux-x64": "0.28.0",
        "@esbuild/netbsd-arm64": "0.28.0",
        "@esbuild/netbsd-x64": "0.28.0",
        "@esbuild/openbsd-arm64": "0.28.0",
        "@esbuild/openbsd-x64": "0.28.0",
        "@esbuild/openharmony-arm64": "0.28.0",
        "@esbuild/sunos-x64": "0.28.0",
        "@esbuild/win32-arm64": "0.28.0",
        "@esbuild/win32-ia32": "0.28.0",
        "@esbuild/win32-x64": "0.28.0"
      }
    },
    "node_modules/fastestsmallesttextencoderdecoder": {
      "version": "1.0.22",
      "resolved": "https://registry.npmjs.org/fastestsmallesttextencoderdecoder/-/fastestsmallesttextencoderdecoder-1.0.22.tgz",
      "integrity": "sha512-Pb8d48e+oIuY4MaM64Cd7OW1gt4nxCHs7/ddPPZ/Ic3sg8yVGM7O9wDvZ7us6ScaUupzM+pfBolwtYhN1IxBIw==",
      "license": "CC0-1.0",
      "peer": true
    },
    "node_modules/fsevents": {
      "version": "2.3.3",
      "resolved": "https://registry.npmjs.org/fsevents/-/fsevents-2.3.3.tgz",
      "integrity": "sha512-5xoDfX+fL7faATnagmWPpbFtwh/R77WmMMqqHGS65C3vvB0YHrgF+B1YmZ3441tMj5n63k0212XNoJwzlhffQw==",
      "dev": true,
      "hasInstallScript": true,
      "license": "MIT",
      "optional": true,
      "os": [
        "darwin"
      ],
      "engines": {
        "node": "^8.16.0 || ^10.6.0 || >=11.0.0"
      }
    },
    "node_modules/fzstd": {
      "version": "0.1.1",
      "resolved": "https://registry.npmjs.org/fzstd/-/fzstd-0.1.1.tgz",
      "integrity": "sha512-dkuVSOKKwh3eas5VkJy1AW1vFpet8TA/fGmVA5krThl8YcOVE/8ZIoEA1+U1vEn5ckxxhLirSdY837azmbaNHA==",
      "license": "MIT"
    },
    "node_modules/tsx": {
      "version": "4.22.1",
      "resolved": "https://registry.npmjs.org/tsx/-/tsx-4.22.1.tgz",
      "integrity": "sha512-TvncJykhxAzFCk0VQZKBTClall4Pm7qXDSodb6uxi8QFa8X8mT6ABjxxsQ2opDRYxG7AzcRWXaFtruz5HJKuWg==",
      "dev": true,
      "license": "MIT",
      "dependencies": {
        "esbuild": "~0.28.0"
      },
      "bin": {
        "tsx": "dist/cli.mjs"
      },
      "engines": {
        "node": ">=18.0.0"
      },
      "optionalDependencies": {
        "fsevents": "~2.3.3"
      }
    },
    "node_modules/typescript": {
      "version": "5.9.3",
      "resolved": "https://registry.npmjs.org/typescript/-/typescript-5.9.3.tgz",
      "integrity": "sha512-jl1vZzPDinLr9eUt3J/t7V6FgNEw9QjvBPdysz9KfQDD41fQrC2Y4vKQdiaUpFT4bXlb1RHhLpp8wtm6M5TgSw==",
      "license": "Apache-2.0",
      "bin": {
        "tsc": "bin/tsc",
        "tsserver": "bin/tsserver"
      },
      "engines": {
        "node": ">=14.17"
      }
    },
    "node_modules/undici-types": {
      "version": "6.21.0",
      "resolved": "https://registry.npmjs.org/undici-types/-/undici-types-6.21.0.tgz",
      "integrity": "sha512-iwDZqg0QAGrg9Rav5H4n0M64c3mkR59cJ6wQp+7C4nI0gsmExaedaYLNO44eT4AtBBwjbTiGPMlt2Md0T9H9JQ==",
      "dev": true,
      "license": "MIT"
    },
    "node_modules/ws": {
      "version": "8.20.1",
      "resolved": "https://registry.npmjs.org/ws/-/ws-8.20.1.tgz",
      "integrity": "sha512-It4dO0K5v//JtTXuPkfEOaI3uUN87iYPnqo/ZzqCoG3g8uhA66QUMs/SrM0YK7/NAu+r4LMh/9dq2A7k+rHs+w==",
      "license": "MIT",
      "peer": true,
      "engines": {
        "node": ">=10.0.0"
      },
      "peerDependencies": {
        "bufferutil": "^4.0.1",
        "utf-8-validate": ">=5.0.2"
      },
      "peerDependenciesMeta": {
        "bufferutil": {
          "optional": true
        },
        "utf-8-validate": {
          "optional": true
        }
      }
    },
    "node_modules/xstate": {
      "version": "5.31.1",
      "resolved": "https://registry.npmjs.org/xstate/-/xstate-5.31.1.tgz",
      "integrity": "sha512-3P7t7GQ61BvLu+8Cj6Zq7rcS34vecL9pvfN2ucUWmIFIUG+rAREviOs4Xy4OO3BuJHSz6RLU8eqDXxSbVotjDQ==",
      "license": "MIT",
      "funding": {
        "type": "opencollective",
        "url": "https://opencollective.com/xstate"
      }
    },
    "node_modules/zod": {
      "version": "4.4.3",
      "resolved": "https://registry.npmjs.org/zod/-/zod-4.4.3.tgz",
      "integrity": "sha512-ytENFjIJFl2UwYglde2jchW2Hwm4GJFLDiSXWdTrJQBIN9Fcyp7n4DhxJEiWNAJMV1/BqWfW/kkg71UDcHJyTQ==",
      "license": "MIT",
      "funding": {
        "url": "https://github.com/sponsors/colinhacks"
      }
    },
    "node_modules/zustand": {
      "version": "5.0.13",
      "resolved": "https://registry.npmjs.org/zustand/-/zustand-5.0.13.tgz",
      "integrity": "sha512-efI2tVaVQPqtOh114loML/Z80Y4NP3yc+Ff0fYiZJPauNeWZeIp/bRFD7I9bfmCOYBh/PHxlglQ9+wvlwnPikQ==",
      "license": "MIT",
      "engines": {
        "node": ">=12.20.0"
      },
      "peerDependencies": {
        "@types/react": ">=18.0.0",
        "immer": ">=9.0.6",
        "react": ">=18.0.0",
        "use-sync-external-store": ">=1.2.0"
      },
      "peerDependenciesMeta": {
        "@types/react": {
          "optional": true
        },
        "immer": {
          "optional": true
        },
        "react": {
          "optional": true
        },
        "use-sync-external-store": {
          "optional": true
        }
      }
    }
  }
}
